// !$*UTF8*$!
{
	archiveVersion = 1;
	classes = {
	};
	objectVersion = 77;
	objects = {

/* Begin PBXContainerItemProxy section */
		6DEBA21E2DAB4C18001EF11A /* PBXContainerItemProxy */ = {
			isa = PBXContainerItemProxy;
			containerPortal = 6DEBA2012DAB4C17001EF11A /* Project object */;
			proxyType = 1;
			remoteGlobalIDString = 6DEBA2082DAB4C17001EF11A;
			remoteInfo = FullyHacksProject;
		};
		6DEBA2282DAB4C18001EF11A /* PBXContainerItemProxy */ = {
			isa = PBXContainerItemProxy;
			containerPortal = 6DEBA2012DAB4C17001EF11A /* Project object */;
			proxyType = 1;
			remoteGlobalIDString = 6DEBA2082DAB4C17001EF11A;
			remoteInfo = FullyHacksProject;
		};
/* End PBXContainerItemProxy section */

/* Begin PBXFileReference section */
		6DEBA2092DAB4C17001EF11A /* FullyHacksProject.app */ = {isa = PBXFileReference; explicitFileType = wrapper.application; includeInIndex = 0; path = FullyHacksProject.app; sourceTree = BUILT_PRODUCTS_DIR; };
		6DEBA21D2DAB4C18001EF11A /* FullyHacksProjectTests.xctest */ = {isa = PBXFileReference; explicitFileType = wrapper.cfbundle; includeInIndex = 0; path = FullyHacksProjectTests.xctest; sourceTree = BUILT_PRODUCTS_DIR; };
		6DEBA2272DAB4C18001EF11A /* FullyHacksProjectUITests.xctest */ = {isa = PBXFileReference; explicitFileType = wrapper.cfbundle; includeInIndex = 0; path = FullyHacksProjectUITests.xctest; sourceTree = BUILT_PRODUCTS_DIR; };
/* End PBXFileReference section */

/* Begin PBXFileSystemSynchronizedBuildFileExceptionSet section */
		6DEBA22F2DAB4C18001EF11A /* Exceptions for "FullyHacksProject" folder in "FullyHacksProject" target */ = {
			isa = PBXFileSystemSynchronizedBuildFileExceptionSet;
			membershipExceptions = (
				Info.plist,
			);
			target = 6DEBA2082DAB4C17001EF11A /* FullyHacksProject */;
		};
/* End PBXFileSystemSynchronizedBuildFileExceptionSet section */

/* Begin PBXFileSystemSynchronizedRootGroup section */
		6DEBA20B2DAB4C17001EF11A /* FullyHacksProject */ = {
			isa = PBXFileSystemSynchronizedRootGroup;
			exceptions = (
				6DEBA22F2DAB4C18001EF11A /* Exceptions for "FullyHacksProject" folder in "FullyHacksProject" target */,
			);
			path = FullyHacksProject;
			sourceTree = "<group>";
		};
		6DEBA2202DAB4C18001EF11A /* FullyHacksProjectTests */ = {
			isa = PBXFileSystemSynchronizedRootGroup;
			path = FullyHacksProjectTests;
			sourceTree = "<group>";
		};
		6DEBA22A2DAB4C18001EF11A /* FullyHacksProjectUITests */ = {
			isa = PBXFileSystemSynchronizedRootGroup;
			path = FullyHacksProjectUITests;
			sourceTree = "<group>";
		};
/* End PBXFileSystemSynchronizedRootGroup section */

/* Begin PBXFrameworksBuildPhase section */
		6DEBA2062DAB4C17001EF11A /* Frameworks */ = {
			isa = PBXFrameworksBuildPhase;
			buildActionMask = 2147483647;
			files = (
			);
			runOnlyForDeploymentPostprocessing = 0;
		};
		6DEBA21A2DAB4C18001EF11A /* Frameworks */ = {
			isa = PBXFrameworksBuildPhase;
			buildActionMask = 2147483647;
			files = (
			);
			runOnlyForDeploymentPostprocessing = 0;
		};
		6DEBA2242DAB4C18001EF11A /* Frameworks */ = {
			isa = PBXFrameworksBuildPhase;
			buildActionMask = 2147483647;
			files = (
			);
			runOnlyForDeploymentPostprocessing = 0;
		};
/* End PBXFrameworksBuildPhase section */

/* Begin PBXGroup section */
		6DEBA2002DAB4C17001EF11A = {
			isa = PBXGroup;
			children = (
				6DEBA20B2DAB4C17001EF11A /* FullyHacksProject */,
				6DEBA2202DAB4C18001EF11A /* FullyHacksProjectTests */,
				6DEBA22A2DAB4C18001EF11A /* FullyHacksProjectUITests */,
				6DEBA20A2DAB4C17001EF11A /* Products */,
			);
			sourceTree = "<group>";
		};
		6DEBA20A2DAB4C17001EF11A /* Products */ = {
			isa = PBXGroup;
			children = (
				6DEBA2092DAB4C17001EF11A /* FullyHacksProject.app */,
				6DEBA21D2DAB4C18001EF11A /* FullyHacksProjectTests.xctest */,
				6DEBA2272DAB4C18001EF11A /* FullyHacksProjectUITests.xctest */,
			);
			name = Products;
			sourceTree = "<group>";
		};
/* End PBXGroup section */

/* Begin PBXNativeTarget section */
		6DEBA2082DAB4C17001EF11A /* FullyHacksProject */ = {
			isa = PBXNativeTarget;
			buildConfigurationList = 6DEBA2302DAB4C18001EF11A /* Build configuration list for PBXNativeTarget "FullyHacksProject" */;
			buildPhases = (
				6DEBA2052DAB4C17001EF11A /* Sources */,
				6DEBA2062DAB4C17001EF11A /* Frameworks */,
				6DEBA2072DAB4C17001EF11A /* Resources */,
			);
			buildRules = (
			);
			dependencies = (
			);
			fileSystemSynchronizedGroups = (
				6DEBA20B2DAB4C17001EF11A /* FullyHacksProject */,
			);
			name = FullyHacksProject;
			packageProductDependencies = (
			);
			productName = FullyHacksProject;
			productReference = 6DEBA2092DAB4C17001EF11A /* FullyHacksProject.app */;
			productType = "com.apple.product-type.application";
		};
		6DEBA21C2DAB4C18001EF11A /* FullyHacksProjectTests */ = {
			isa = PBXNativeTarget;
			buildConfigurationList = 6DEBA2352DAB4C18001EF11A /* Build configuration list for PBXNativeTarget "FullyHacksProjectTests" */;
			buildPhases = (
				6DEBA2192DAB4C18001EF11A /* Sources */,
				6DEBA21A2DAB4C18001EF11A /* Frameworks */,
				6DEBA21B2DAB4C18001EF11A /* Resources */,
			);
			buildRules = (
			);
			dependencies = (
				6DEBA21F2DAB4C18001EF11A /* PBXTargetDependency */,
			);
			fileSystemSynchronizedGroups = (
				6DEBA2202DAB4C18001EF11A /* FullyHacksProjectTests */,
			);
			name = FullyHacksProjectTests;
			packageProductDependencies = (
			);
			productName = FullyHacksProjectTests;
			productReference = 6DEBA21D2DAB4C18001EF11A /* FullyHacksProjectTests.xctest */;
			productType = "com.apple.product-type.bundle.unit-test";
		};
		6DEBA2262DAB4C18001EF11A /* FullyHacksProjectUITests */ = {
			isa = PBXNativeTarget;
			buildConfigurationList = 6DEBA2382DAB4C18001EF11A /* Build configuration list for PBXNativeTarget "FullyHacksProjectUITests" */;
			buildPhases = (
				6DEBA2232DAB4C18001EF11A /* Sources */,
				6DEBA2242DAB4C18001EF11A /* Frameworks */,
				6DEBA2252DAB4C18001EF11A /* Resources */,
			);
			buildRules = (
			);
			dependencies = (
				6DEBA2292DAB4C18001EF11A /* PBXTargetDependency */,
			);
			fileSystemSynchronizedGroups = (
				6DEBA22A2DAB4C18001EF11A /* FullyHacksProjectUITests */,
			);
			name = FullyHacksProjectUITests;
			packageProductDependencies = (
			);
			productName = FullyHacksProjectUITests;
			productReference = 6DEBA2272DAB4C18001EF11A /* FullyHacksProjectUITests.xctest */;
			productType = "com.apple.product-type.bundle.ui-testing";
		};
/* End PBXNativeTarget section */

/* Begin PBXProject section */
		6DEBA2012DAB4C17001EF11A /* Project object */ = {
			isa = PBXProject;
			attributes = {
				BuildIndependentTargetsInParallel = 1;
				LastSwiftUpdateCheck = 1620;
				LastUpgradeCheck = 1620;
				TargetAttributes = {
					6DEBA2082DAB4C17001EF11A = {
						CreatedOnToolsVersion = 16.2;
					};
					6DEBA21C2DAB4C18001EF11A = {
						CreatedOnToolsVersion = 16.2;
						TestTargetID = 6DEBA2082DAB4C17001EF11A;
					};
					6DEBA2262DAB4C18001EF11A = {
						CreatedOnToolsVersion = 16.2;
						TestTargetID = 6DEBA2082DAB4C17001EF11A;
					};
				};
			};
			buildConfigurationList = 6DEBA2042DAB4C17001EF11A /* Build configuration list for PBXProject "FullyHacksProject" */;
			developmentRegion = en;
			hasScannedForEncodings = 0;
			knownRegions = (
				en,
				Base,
			);
			mainGroup = 6DEBA2002DAB4C17001EF11A;
			minimizedProjectReferenceProxies = 1;
			preferredProjectObjectVersion = 77;
			productRefGroup = 6DEBA20A2DAB4C17001EF11A /* Products */;
			projectDirPath = "";
			projectRoot = "";
			targets = (
				6DEBA2082DAB4C17001EF11A /* FullyHacksProject */,
				6DEBA21C2DAB4C18001EF11A /* FullyHacksProjectTests */,
				6DEBA2262DAB4C18001EF11A /* FullyHacksProjectUITests */,
			);
		};
/* End PBXProject section */

/* Begin PBXResourcesBuildPhase section */
		6DEBA2072DAB4C17001EF11A /* Resources */ = {
			isa = PBXResourcesBuildPhase;
			buildActionMask = 2147483647;
			files = (
			);
			runOnlyForDeploymentPostprocessing = 0;
		};
		6DEBA21B2DAB4C18001EF11A /* Resources */ = {
			isa = PBXResourcesBuildPhase;
			buildActionMask = 2147483647;
			files = (
			);
			runOnlyForDeploymentPostprocessing = 0;
		};
		6DEBA2252DAB4C18001EF11A /* Resources */ = {
			isa = PBXResourcesBuildPhase;
			buildActionMask = 2147483647;
			files = (
			);
			runOnlyForDeploymentPostprocessing = 0;
		};
/* End PBXResourcesBuildPhase section */

/* Begin PBXSourcesBuildPhase section */
		6DEBA2052DAB4C17001EF11A /* Sources */ = {
			isa = PBXSourcesBuildPhase;
			buildActionMask = 2147483647;
			files = (
			);
			runOnlyForDeploymentPostprocessing = 0;
		};
		6DEBA2192DAB4C18001EF11A /* Sources */ = {
			isa = PBXSourcesBuildPhase;
			buildActionMask = 2147483647;
			files = (
			);
			runOnlyForDeploymentPostprocessing = 0;
		};
		6DEBA2232DAB4C18001EF11A /* Sources */ = {
			isa = PBXSourcesBuildPhase;
			buildActionMask = 2147483647;
			files = (
			);
			runOnlyForDeploymentPostprocessing = 0;
		};
/* End PBXSourcesBuildPhase section */

/* Begin PBXTargetDependency section */
		6DEBA21F2DAB4C18001EF11A /* PBXTargetDependency */ = {
			isa = PBXTargetDependency;
			target = 6DEBA2082DAB4C17001EF11A /* FullyHacksProject */;
			targetProxy = 6DEBA21E2DAB4C18001EF11A /* PBXContainerItemProxy */;
		};
		6DEBA2292DAB4C18001EF11A /* PBXTargetDependency */ = {
			isa = PBXTargetDependency;
			target = 6DEBA2082DAB4C17001EF11A /* FullyHacksProject */;
			targetProxy = 6DEBA2282DAB4C18001EF11A /* PBXContainerItemProxy */;
		};
/* End PBXTargetDependency section */

/* Begin XCBuildConfiguration section */
		6DEBA2312DAB4C18001EF11A /* Debug */ = {
			isa = XCBuildConfiguration;
			buildSettings = {
				ASSETCATALOG_COMPILER_APPICON_NAME = AppIcon;
				ASSETCATALOG_COMPILER_GLOBAL_ACCENT_COLOR_NAME = AccentColor;
				CODE_SIGN_ENTITLEMENTS = FullyHacksProject/FullyHacksProject.entitlements;
				CODE_SIGN_STYLE = Automatic;
				CURRENT_PROJECT_VERSION = 1;
				DEVELOPMENT_ASSET_PATHS = "\"FullyHacksProject/Preview Content\"";
				DEVELOPMENT_TEAM = 5NQB75AV89;
				ENABLE_PREVIEWS = YES;
				GENERATE_INFOPLIST_FILE = YES;
				INFOPLIST_FILE = FullyHacksProject/Info.plist;
				INFOPLIST_KEY_UIApplicationSceneManifest_Generation = YES;
				INFOPLIST_KEY_UIApplicationSupportsIndirectInputEvents = YES;
				INFOPLIST_KEY_UILaunchScreen_Generation = YES;
				INFOPLIST_KEY_UISupportedInterfaceOrientations_iPad = "UIInterfaceOrientationPortrait UIInterfaceOrientationPortraitUpsideDown UIInterfaceOrientationLandscapeLeft UIInterfaceOrientationLandscapeRight";
				INFOPLIST_KEY_UISupportedInterfaceOrientations_iPhone = "UIInterfaceOrientationPortrait UIInterfaceOrientationLandscapeLeft UIInterfaceOrientationLandscapeRight";
				LD_RUNPATH_SEARCH_PATHS = (
					"$(inherited)",
					"@executable_path/Frameworks",
				);
				MARKETING_VERSION = 1.0;
				PRODUCT_BUNDLE_IDENTIFIER = com.csuf.FullyHacksProject;
				PRODUCT_NAME = "$(TARGET_NAME)";
				SWIFT_EMIT_LOC_STRINGS = YES;
				SWIFT_VERSION = 5.0;
				TARGETED_DEVICE_FAMILY = "1,2";
			};
			name = Debug;
		};
		6DEBA2322DAB4C18001EF11A /* Release */ = {
			isa = XCBuildConfiguration;
			buildSettings = {
				ASSETCATALOG_COMPILER_APPICON_NAME = AppIcon;
				ASSETCATALOG_COMPILER_GLOBAL_ACCENT_COLOR_NAME = AccentColor;
				CODE_SIGN_ENTITLEMENTS = FullyHacksProject/FullyHacksProject.entitlements;
				CODE_SIGN_STYLE = Automatic;
				CURRENT_PROJECT_VERSION = 1;
				DEVELOPMENT_ASSET_PATHS = "\"FullyHacksProject/Preview Content\"";
				DEVELOPMENT_TEAM = 5NQB75AV89;
				ENABLE_PREVIEWS = YES;
				GENERATE_INFOPLIST_FILE = YES;
				INFOPLIST_FILE = FullyHacksProject/Info.plist;
				INFOPLIST_KEY_UIApplicationSceneManifest_Generation = YES;
				INFOPLIST_KEY_UIApplicationSupportsIndirectInputEvents = YES;
				INFOPLIST_KEY_UILaunchScreen_Generation = YES;
				INFOPLIST_KEY_UISupportedInterfaceOrientations_iPad = "UIInterfaceOrientationPortrait UIInterfaceOrientationPortraitUpsideDown UIInterfaceOrientationLandscapeLeft UIInterfaceOrientationLandscapeRight";
				INFOPLIST_KEY_UISupportedInterfaceOrientations_iPhone = "UIInterfaceOrientationPortrait UIInterfaceOrientationLandscapeLeft UIInterfaceOrientationLandscapeRight";
				LD_RUNPATH_SEARCH_PATHS = (
					"$(inherited)",
					"@executable_path/Frameworks",
				);
				MARKETING_VERSION = 1.0;
				PRODUCT_BUNDLE_IDENTIFIER = com.csuf.FullyHacksProject;
				PRODUCT_NAME = "$(TARGET_NAME)";
				SWIFT_EMIT_LOC_STRINGS = YES;
				SWIFT_VERSION = 5.0;
				TARGETED_DEVICE_FAMILY = "1,2";
			};
			name = Release;
		};
		6DEBA2332DAB4C18001EF11A /* Debug */ = {
			isa = XCBuildConfiguration;
			buildSettings = {
				ALWAYS_SEARCH_USER_PATHS = NO;
				ASSETCATALOG_COMPILER_GENERATE_SWIFT_ASSET_SYMBOL_EXTENSIONS = YES;
				CLANG_ANALYZER_NONNULL = YES;
				CLANG_ANALYZER_NUMBER_OBJECT_CONVERSION = YES_AGGRESSIVE;
				CLANG_CXX_LANGUAGE_STANDARD = "gnu++20";
				CLANG_ENABLE_MODULES = YES;
				CLANG_ENABLE_OBJC_ARC = YES;
				CLANG_ENABLE_OBJC_WEAK = YES;
				CLANG_WARN_BLOCK_CAPTURE_AUTORELEASING = YES;
				CLANG_WARN_BOOL_CONVERSION = YES;
				CLANG_WARN_COMMA = YES;
				CLANG_WARN_CONSTANT_CONVERSION = YES;
				CLANG_WARN_DEPRECATED_OBJC_IMPLEMENTATIONS = YES;
				CLANG_WARN_DIRECT_OBJC_ISA_USAGE = YES_ERROR;
				CLANG_WARN_DOCUMENTATION_COMMENTS = YES;
				CLANG_WARN_EMPTY_BODY = YES;
				CLANG_WARN_ENUM_CONVERSION = YES;
				CLANG_WARN_INFINITE_RECURSION = YES;
				CLANG_WARN_INT_CONVERSION = YES;
				CLANG_WARN_NON_LITERAL_NULL_CONVERSION = YES;
				CLANG_WARN_OBJC_IMPLICIT_RETAIN_SELF = YES;
				CLANG_WARN_OBJC_LITERAL_CONVERSION = YES;
				CLANG_WARN_OBJC_ROOT_CLASS = YES_ERROR;
				CLANG_WARN_QUOTED_INCLUDE_IN_FRAMEWORK_HEADER = YES;
				CLANG_WARN_RANGE_LOOP_ANALYSIS = YES;
				CLANG_WARN_STRICT_PROTOTYPES = YES;
				CLANG_WARN_SUSPICIOUS_MOVE = YES;
				CLANG_WARN_UNGUARDED_AVAILABILITY = YES_AGGRESSIVE;
				CLANG_WARN_UNREACHABLE_CODE = YES;
				CLANG_WARN__DUPLICATE_METHOD_MATCH = YES;
				COPY_PHASE_STRIP = NO;
				DEBUG_INFORMATION_FORMAT = dwarf;
				ENABLE_STRICT_OBJC_MSGSEND = YES;
				ENABLE_TESTABILITY = YES;
				ENABLE_USER_SCRIPT_SANDBOXING = YES;
				GCC_C_LANGUAGE_STANDARD = gnu17;
				GCC_DYNAMIC_NO_PIC = NO;
				GCC_NO_COMMON_BLOCKS = YES;
				GCC_OPTIMIZATION_LEVEL = 0;
				GCC_PREPROCESSOR_DEFINITIONS = (
					"DEBUG=1",
					"$(inherited)",
				);
				GCC_WARN_64_TO_32_BIT_CONVERSION = YES;
				GCC_WARN_ABOUT_RETURN_TYPE = YES_ERROR;
				GCC_WARN_UNDECLARED_SELECTOR = YES;
				GCC_WARN_UNINITIALIZED_AUTOS = YES_AGGRESSIVE;
				GCC_WARN_UNUSED_FUNCTION = YES;
				GCC_WARN_UNUSED_VARIABLE = YES;
				IPHONEOS_DEPLOYMENT_TARGET = 18.2;
				LOCALIZATION_PREFERS_STRING_CATALOGS = YES;
				MTL_ENABLE_DEBUG_INFO = INCLUDE_SOURCE;
				MTL_FAST_MATH = YES;
				ONLY_ACTIVE_ARCH = YES;
				SDKROOT = iphoneos;
				SWIFT_ACTIVE_COMPILATION_CONDITIONS = "DEBUG $(inherited)";
				SWIFT_OPTIMIZATION_LEVEL = "-Onone";
			};
			name = Debug;
		};
		6DEBA2342DAB4C18001EF11A /* Release */ = {
			isa = XCBuildConfiguration;
			buildSettings = {
				ALWAYS_SEARCH_USER_PATHS = NO;
				ASSETCATALOG_COMPILER_GENERATE_SWIFT_ASSET_SYMBOL_EXTENSIONS = YES;
				CLANG_ANALYZER_NONNULL = YES;
				CLANG_ANALYZER_NUMBER_OBJECT_CONVERSION = YES_AGGRESSIVE;
				CLANG_CXX_LANGUAGE_STANDARD = "gnu++20";
				CLANG_ENABLE_MODULES = YES;
				CLANG_ENABLE_OBJC_ARC = YES;
				CLANG_ENABLE_OBJC_WEAK = YES;
				CLANG_WARN_BLOCK_CAPTURE_AUTORELEASING = YES;
				CLANG_WARN_BOOL_CONVERSION = YES;
				CLANG_WARN_COMMA = YES;
				CLANG_WARN_CONSTANT_CONVERSION = YES;
				CLANG_WARN_DEPRECATED_OBJC_IMPLEMENTATIONS = YES;
				CLANG_WARN_DIRECT_OBJC_ISA_USAGE = YES_ERROR;
				CLANG_WARN_DOCUMENTATION_COMMENTS = YES;
				CLANG_WARN_EMPTY_BODY = YES;
				CLANG_WARN_ENUM_CONVERSION = YES;
				CLANG_WARN_INFINITE_RECURSION = YES;
				CLANG_WARN_INT_CONVERSION = YES;
				CLANG_WARN_NON_LITERAL_NULL_CONVERSION = YES;
				CLANG_WARN_OBJC_IMPLICIT_RETAIN_SELF = YES;
				CLANG_WARN_OBJC_LITERAL_CONVERSION = YES;
				CLANG_WARN_OBJC_ROOT_CLASS = YES_ERROR;
				CLANG_WARN_QUOTED_INCLUDE_IN_FRAMEWORK_HEADER = YES;
				CLANG_WARN_RANGE_LOOP_ANALYSIS = YES;
				CLANG_WARN_STRICT_PROTOTYPES = YES;
				CLANG_WARN_SUSPICIOUS_MOVE = YES;
				CLANG_WARN_UNGUARDED_AVAILABILITY = YES_AGGRESSIVE;
				CLANG_WARN_UNREACHABLE_CODE = YES;
				CLANG_WARN__DUPLICATE_METHOD_MATCH = YES;
				COPY_PHASE_STRIP = NO;
				DEBUG_INFORMATION_FORMAT = "dwarf-with-dsym";
				ENABLE_NS_ASSERTIONS = NO;
				ENABLE_STRICT_OBJC_MSGSEND = YES;
				ENABLE_USER_SCRIPT_SANDBOXING = YES;
				GCC_C_LANGUAGE_STANDARD = gnu17;
				GCC_NO_COMMON_BLOCKS = YES;
				GCC_WARN_64_TO_32_BIT_CONVERSION = YES;
				GCC_WARN_ABOUT_RETURN_TYPE = YES_ERROR;
				GCC_WARN_UNDECLARED_SELECTOR = YES;
				GCC_WARN_UNINITIALIZED_AUTOS = YES_AGGRESSIVE;
				GCC_WARN_UNUSED_FUNCTION = YES;
				GCC_WARN_UNUSED_VARIABLE = YES;
				IPHONEOS_DEPLOYMENT_TARGET = 18.2;
				LOCALIZATION_PREFERS_STRING_CATALOGS = YES;
				MTL_ENABLE_DEBUG_INFO = NO;
				MTL_FAST_MATH = YES;
				SDKROOT = iphoneos;
				SWIFT_COMPILATION_MODE = wholemodule;
				VALIDATE_PRODUCT = YES;
			};
			name = Release;
		};
		6DEBA2362DAB4C18001EF11A /* Debug */ = {
			isa = XCBuildConfiguration;
			buildSettings = {
				BUNDLE_LOADER = "$(TEST_HOST)";
				CODE_SIGN_STYLE = Automatic;
				CURRENT_PROJECT_VERSION = 1;
				DEVELOPMENT_TEAM = 5NQB75AV89;
				GENERATE_INFOPLIST_FILE = YES;
				IPHONEOS_DEPLOYMENT_TARGET = 18.2;
				MARKETING_VERSION = 1.0;
				PRODUCT_BUNDLE_IDENTIFIER = com.csuf.FullyHacksProjectTests;
				PRODUCT_NAME = "$(TARGET_NAME)";
				SWIFT_EMIT_LOC_STRINGS = NO;
				SWIFT_VERSION = 5.0;
				TARGETED_DEVICE_FAMILY = "1,2";
				TEST_HOST = "$(BUILT_PRODUCTS_DIR)/FullyHacksProject.app/$(BUNDLE_EXECUTABLE_FOLDER_PATH)/FullyHacksProject";
			};
			name = Debug;
		};
		6DEBA2372DAB4C18001EF11A /* Release */ = {
			isa = XCBuildConfiguration;
			buildSettings = {
				BUNDLE_LOADER = "$(TEST_HOST)";
				CODE_SIGN_STYLE = Automatic;
				CURRENT_PROJECT_VERSION = 1;
				DEVELOPMENT_TEAM = 5NQB75AV89;
				GENERATE_INFOPLIST_FILE = YES;
				IPHONEOS_DEPLOYMENT_TARGET = 18.2;
				MARKETING_VERSION = 1.0;
				PRODUCT_BUNDLE_IDENTIFIER = com.csuf.FullyHacksProjectTests;
				PRODUCT_NAME = "$(TARGET_NAME)";
				SWIFT_EMIT_LOC_STRINGS = NO;
				SWIFT_VERSION = 5.0;
				TARGETED_DEVICE_FAMILY = "1,2";
				TEST_HOST = "$(BUILT_PRODUCTS_DIR)/FullyHacksProject.app/$(BUNDLE_EXECUTABLE_FOLDER_PATH)/FullyHacksProject";
			};
			name = Release;
		};
		6DEBA2392DAB4C18001EF11A /* Debug */ = {
			isa = XCBuildConfiguration;
			buildSettings = {
				CODE_SIGN_STYLE = Automatic;
				CURRENT_PROJECT_VERSION = 1;
				DEVELOPMENT_TEAM = 5NQB75AV89;
				GENERATE_INFOPLIST_FILE = YES;
				MARKETING_VERSION = 1.0;
				PRODUCT_BUNDLE_IDENTIFIER = com.csuf.FullyHacksProjectUITests;
				PRODUCT_NAME = "$(TARGET_NAME)";
				SWIFT_EMIT_LOC_STRINGS = NO;
				SWIFT_VERSION = 5.0;
				TARGETED_DEVICE_FAMILY = "1,2";
				TEST_TARGET_NAME = FullyHacksProject;
			};
			name = Debug;
		};
		6DEBA23A2DAB4C18001EF11A /* Release */ = {
			isa = XCBuildConfiguration;
			buildSettings = {
				CODE_SIGN_STYLE = Automatic;
				CURRENT_PROJECT_VERSION = 1;
				DEVELOPMENT_TEAM = 5NQB75AV89;
				GENERATE_INFOPLIST_FILE = YES;
				MARKETING_VERSION = 1.0;
				PRODUCT_BUNDLE_IDENTIFIER = com.csuf.FullyHacksProjectUITests;
				PRODUCT_NAME = "$(TARGET_NAME)";
				SWIFT_EMIT_LOC_STRINGS = NO;
				SWIFT_VERSION = 5.0;
				TARGETED_DEVICE_FAMILY = "1,2";
				TEST_TARGET_NAME = FullyHacksProject;
			};
			name = Release;
		};
/* End XCBuildConfiguration section */

/* Begin XCConfigurationList section */
		6DEBA2042DAB4C17001EF11A /* Build configuration list for PBXProject "FullyHacksProject" */ = {
			isa = XCConfigurationList;
			buildConfigurations = (
				6DEBA2332DAB4C18001EF11A /* Debug */,
				6DEBA2342DAB4C18001EF11A /* Release */,
			);
			defaultConfigurationIsVisible = 0;
			defaultConfigurationName = Release;
		};
		6DEBA2302DAB4C18001EF11A /* Build configuration list for PBXNativeTarget "FullyHacksProject" */ = {
			isa = XCConfigurationList;
			buildConfigurations = (
				6DEBA2312DAB4C18001EF11A /* Debug */,
				6DEBA2322DAB4C18001EF11A /* Release */,
			);
			defaultConfigurationIsVisible = 0;
			defaultConfigurationName = Release;
		};
		6DEBA2352DAB4C18001EF11A /* Build configuration list for PBXNativeTarget "FullyHacksProjectTests" */ = {
			isa = XCConfigurationList;
			buildConfigurations = (
				6DEBA2362DAB4C18001EF11A /* Debug */,
				6DEBA2372DAB4C18001EF11A /* Release */,
			);
			defaultConfigurationIsVisible = 0;
			defaultConfigurationName = Release;
		};
		6DEBA2382DAB4C18001EF11A /* Build configuration list for PBXNativeTarget "FullyHacksProjectUITests" */ = {
			isa = XCConfigurationList;
			buildConfigurations = (
				6DEBA2392DAB4C18001EF11A /* Debug */,
				6DEBA23A2DAB4C18001EF11A /* Release */,
			);
			defaultConfigurationIsVisible = 0;
			defaultConfigurationName = Release;
		};
/* End XCConfigurationList section */
	};
	rootObject = 6DEBA2012DAB4C17001EF11A /* Project object */;
}
